# THIS IS AN AUTOGENERATED FILE. DO NOT EDIT THIS FILE DIRECTLY.
# yarn lockfile v1


"@paypal/checkout-server-sdk@^1.0.1":
  version "1.0.1"
  resolved "https://registry.yarnpkg.com/@paypal/checkout-server-sdk/-/checkout-server-sdk-1.0.1.tgz#ae76ec607ce0fc2380c639b8f02f5c0bbf605496"
  integrity sha512-TJWlyL83FOPwkWGAUm36wCGbSXfx9l8gV35wTq1GrUGvIICUrfUfKRQra0D2wIRlqfPz2gaOpZizxeZ88sV6fQ==
  dependencies:
    braintreehttp "^0.4.0"

braintreehttp@^0.4.0:
  version "0.4.0"
  resolved "https://registry.yarnpkg.com/braintreehttp/-/braintreehttp-0.4.0.tgz#4b865400f73e6f6e696d5857142dbffb657d49d6"
  integrity sha512-eBMQLfbqXI65NVAGIPLmQUk+8HClWO5Hnc8ozL31emkvc0qGoB5t586e433IyVCk2lCaao4pCMprarxIHVixbw==
